
Microsoft Visual Studio Solution File, Format Version 12.00
# Visual Studio 15
VisualStudioVersion = 15.0.27130.2036
MinimumVisualStudioVersion = 10.0.40219.1
Project("{9092AA53-FB77-4645-B42D-1CCCA6BD08BD}") = "VezbaZaKolokvijum", "VezbaZaKolokvijum\VezbaZaKolokvijum.njsproj", "{B3D74A83-2306-444C-8282-1976E0221023}"
EndProject
Global
	GlobalSection(SolutionConfigurationPlatforms) = preSolution
		Debug|Any CPU = Debug|Any CPU
		Release|Any CPU = Release|Any CPU
	EndGlobalSection
	GlobalSection(ProjectConfigurationPlatforms) = postSolution
		{B3D74A83-2306-444C-8282-1976E0221023}.Debug|Any CPU.ActiveCfg = Debug|Any CPU
		{B3D74A83-2306-444C-8282-1976E0221023}.Debug|Any CPU.Build.0 = Debug|Any CPU
		{B3D74A83-2306-444C-8282-1976E0221023}.Release|Any CPU.ActiveCfg = Release|Any CPU
		{B3D74A83-2306-444C-8282-1976E0221023}.Release|Any CPU.Build.0 = Release|Any CPU
	EndGlobalSection
	GlobalSection(SolutionProperties) = preSolution
		HideSolutionNode = FALSE
	EndGlobalSection
	GlobalSection(ExtensibilityGlobals) = postSolution
		SolutionGuid = {99199872-FD4A-4302-A3DB-791EF88D7757}
	EndGlobalSection
EndGlobal
